
Microsoft Visual Studio Solution File, Format Version 12.00
# Visual Studio Version 16
VisualStudioVersion = 16.0.30225.117
MinimumVisualStudioVersion = 10.0.40219.1
Project("{9A19103F-16F7-4668-BE54-9A1E7A4F7556}") = "CursoDIOMVC", "CursoDIOMVC\CursoDIOMVC.csproj", "{1C6E2A71-7542-4B78-8E9E-827D664445FD}"
EndProject
Project("{FAE04EC0-301F-11D3-BF4B-00C04F79EFBC}") = "CursoDIOAPI", "CursoDIOAPI\CursoDIOAPI.csproj", "{48DC5156-1D10-4F2D-85D3-1FF3ED3712F1}"
EndProject
Project("{FAE04EC0-301F-11D3-BF4B-00C04F79EFBC}") = "CursoDIOTest", "CursoDIOTest\CursoDIOTest.csproj", "{45BE68F3-F1A3-4C6F-8458-0C447A9C320B}"
EndProject
Global
	GlobalSection(SolutionConfigurationPlatforms) = preSolution
		Debug|Any CPU = Debug|Any CPU
		Release|Any CPU = Release|Any CPU
	EndGlobalSection
	GlobalSection(ProjectConfigurationPlatforms) = postSolution
		{1C6E2A71-7542-4B78-8E9E-827D664445FD}.Debug|Any CPU.ActiveCfg = Debug|Any CPU
		{1C6E2A71-7542-4B78-8E9E-827D664445FD}.Debug|Any CPU.Build.0 = Debug|Any CPU
		{1C6E2A71-7542-4B78-8E9E-827D664445FD}.Release|Any CPU.ActiveCfg = Release|Any CPU
		{1C6E2A71-7542-4B78-8E9E-827D664445FD}.Release|Any CPU.Build.0 = Release|Any CPU
		{48DC5156-1D10-4F2D-85D3-1FF3ED3712F1}.Debug|Any CPU.ActiveCfg = Debug|Any CPU
		{48DC5156-1D10-4F2D-85D3-1FF3ED3712F1}.Debug|Any CPU.Build.0 = Debug|Any CPU
		{48DC5156-1D10-4F2D-85D3-1FF3ED3712F1}.Release|Any CPU.ActiveCfg = Release|Any CPU
		{48DC5156-1D10-4F2D-85D3-1FF3ED3712F1}.Release|Any CPU.Build.0 = Release|Any CPU
		{45BE68F3-F1A3-4C6F-8458-0C447A9C320B}.Debug|Any CPU.ActiveCfg = Debug|Any CPU
		{45BE68F3-F1A3-4C6F-8458-0C447A9C320B}.Debug|Any CPU.Build.0 = Debug|Any CPU
		{45BE68F3-F1A3-4C6F-8458-0C447A9C320B}.Release|Any CPU.ActiveCfg = Release|Any CPU
		{45BE68F3-F1A3-4C6F-8458-0C447A9C320B}.Release|Any CPU.Build.0 = Release|Any CPU
	EndGlobalSection
	GlobalSection(SolutionProperties) = preSolution
		HideSolutionNode = FALSE
	EndGlobalSection
	GlobalSection(ExtensibilityGlobals) = postSolution
		SolutionGuid = {BC1ACA15-98A9-4053-8A23-82F13C8DDF87}
	EndGlobalSection
EndGlobal
